
Microsoft Visual Studio Solution File, Format Version 12.00
# Visual Studio 15
Project("{FAE04EC0-301F-11D3-BF4B-00C04F79EFBC}") = "Assembly-CSharp", "Assembly-CSharp.csproj", "{6D6C4FF1-46B3-4992-5439-F22B58F96C0F}"
EndProject
Project("{FAE04EC0-301F-11D3-BF4B-00C04F79EFBC}") = "Unity.2D.Tilemap.Extras", "Unity.2D.Tilemap.Extras.csproj", "{42E59BBD-2A7F-7E67-EB73-477D271E8DBE}"
EndProject
Project("{FAE04EC0-301F-11D3-BF4B-00C04F79EFBC}") = "Unity.2D.Tilemap.Extras.Editor", "Unity.2D.Tilemap.Extras.Editor.csproj", "{904E2838-AF7F-8B20-644D-E78CD6A1870E}"
EndProject
Project("{FAE04EC0-301F-11D3-BF4B-00C04F79EFBC}") = "Unity.2D.Tilemap.Extras.Placeholder.EditorTests", "Unity.2D.Tilemap.Extras.Placeholder.EditorTests.csproj", "{D4287A37-016C-5E04-39F4-90DB93B89D36}"
EndProject
Global
	GlobalSection(SolutionConfigurationPlatforms) = preSolution
		Debug|Any CPU = Debug|Any CPU
		Release|Any CPU = Release|Any CPU
	EndGlobalSection
	GlobalSection(ProjectConfigurationPlatforms) = postSolution
		{6D6C4FF1-46B3-4992-5439-F22B58F96C0F}.Debug|Any CPU.ActiveCfg = Debug|Any CPU
		{6D6C4FF1-46B3-4992-5439-F22B58F96C0F}.Debug|Any CPU.Build.0 = Debug|Any CPU
		{6D6C4FF1-46B3-4992-5439-F22B58F96C0F}.Release|Any CPU.ActiveCfg = Release|Any CPU
		{6D6C4FF1-46B3-4992-5439-F22B58F96C0F}.Release|Any CPU.Build.0 = Release|Any CPU
		{42E59BBD-2A7F-7E67-EB73-477D271E8DBE}.Debug|Any CPU.ActiveCfg = Debug|Any CPU
		{42E59BBD-2A7F-7E67-EB73-477D271E8DBE}.Debug|Any CPU.Build.0 = Debug|Any CPU
		{42E59BBD-2A7F-7E67-EB73-477D271E8DBE}.Release|Any CPU.ActiveCfg = Release|Any CPU
		{42E59BBD-2A7F-7E67-EB73-477D271E8DBE}.Release|Any CPU.Build.0 = Release|Any CPU
		{904E2838-AF7F-8B20-644D-E78CD6A1870E}.Debug|Any CPU.ActiveCfg = Debug|Any CPU
		{904E2838-AF7F-8B20-644D-E78CD6A1870E}.Debug|Any CPU.Build.0 = Debug|Any CPU
		{904E2838-AF7F-8B20-644D-E78CD6A1870E}.Release|Any CPU.ActiveCfg = Release|Any CPU
		{904E2838-AF7F-8B20-644D-E78CD6A1870E}.Release|Any CPU.Build.0 = Release|Any CPU
		{D4287A37-016C-5E04-39F4-90DB93B89D36}.Debug|Any CPU.ActiveCfg = Debug|Any CPU
		{D4287A37-016C-5E04-39F4-90DB93B89D36}.Debug|Any CPU.Build.0 = Debug|Any CPU
		{D4287A37-016C-5E04-39F4-90DB93B89D36}.Release|Any CPU.ActiveCfg = Release|Any CPU
		{D4287A37-016C-5E04-39F4-90DB93B89D36}.Release|Any CPU.Build.0 = Release|Any CPU
	EndGlobalSection
	GlobalSection(SolutionProperties) = preSolution
		HideSolutionNode = FALSE
	EndGlobalSection
EndGlobal
